// !$*UTF8*$!
{
	archiveVersion = 1;
	classes = {
	};
	objectVersion = 56;
	objects = {

/* Begin PBXBuildFile section */
		C042D2D828D715F200644A0D /* Dynamic_Island_ExampleApp.swift in Sources */ = {isa = PBXBuildFile; fileRef = C042D2D728D715F200644A0D /* Dynamic_Island_ExampleApp.swift */; };
		C042D2DA28D715F200644A0D /* ContentView.swift in Sources */ = {isa = PBXBuildFile; fileRef = C042D2D928D715F200644A0D /* ContentView.swift */; };
		C042D2DC28D715F300644A0D /* Assets.xcassets in Resources */ = {isa = PBXBuildFile; fileRef = C042D2DB28D715F300644A0D /* Assets.xcassets */; };
		C042D2DF28D715F300644A0D /* Preview Assets.xcassets in Resources */ = {isa = PBXBuildFile; fileRef = C042D2DE28D715F300644A0D /* Preview Assets.xcassets */; };
		C042D2EC28D7162E00644A0D /* WidgetKit.framework in Frameworks */ = {isa = PBXBuildFile; fileRef = C042D2EB28D7162E00644A0D /* WidgetKit.framework */; };
		C042D2EE28D7162E00644A0D /* SwiftUI.framework in Frameworks */ = {isa = PBXBuildFile; fileRef = C042D2ED28D7162E00644A0D /* SwiftUI.framework */; };
		C042D2F128D7162E00644A0D /* DynamicIslandExampleWidget.swift in Sources */ = {isa = PBXBuildFile; fileRef = C042D2F028D7162E00644A0D /* DynamicIslandExampleWidget.swift */; };
		C042D2F428D7163000644A0D /* Assets.xcassets in Resources */ = {isa = PBXBuildFile; fileRef = C042D2F328D7163000644A0D /* Assets.xcassets */; };
		C042D2F628D7163000644A0D /* DynamicIslandExampleWidget.intentdefinition in Sources */ = {isa = PBXBuildFile; fileRef = C042D2F228D7162E00644A0D /* DynamicIslandExampleWidget.intentdefinition */; };
		C042D2F728D7163000644A0D /* DynamicIslandExampleWidget.intentdefinition in Sources */ = {isa = PBXBuildFile; fileRef = C042D2F228D7162E00644A0D /* DynamicIslandExampleWidget.intentdefinition */; };
		C042D2FA28D7163000644A0D /* DynamicIslandExampleWidgetExtension.appex in Embed Foundation Extensions */ = {isa = PBXBuildFile; fileRef = C042D2E928D7162E00644A0D /* DynamicIslandExampleWidgetExtension.appex */; settings = {ATTRIBUTES = (RemoveHeadersOnCopy, ); }; };
/* End PBXBuildFile section */

/* Begin PBXContainerItemProxy section */
		C042D2F828D7163000644A0D /* PBXContainerItemProxy */ = {
			isa = PBXContainerItemProxy;
			containerPortal = C042D2CC28D715F200644A0D /* Project object */;
			proxyType = 1;
			remoteGlobalIDString = C042D2E828D7162E00644A0D;
			remoteInfo = DynamicIslandExampleWidgetExtension;
		};
/* End PBXContainerItemProxy section */

/* Begin PBXCopyFilesBuildPhase section */
		C042D2FE28D7163000644A0D /* Embed Foundation Extensions */ = {
			isa = PBXCopyFilesBuildPhase;
			buildActionMask = 2147483647;
			dstPath = "";
			dstSubfolderSpec = 13;
			files = (
				C042D2FA28D7163000644A0D /* DynamicIslandExampleWidgetExtension.appex in Embed Foundation Extensions */,
			);
			name = "Embed Foundation Extensions";
			runOnlyForDeploymentPostprocessing = 0;
		};
/* End PBXCopyFilesBuildPhase section */

/* Begin PBXFileReference section */
		C042D2D428D715F200644A0D /* Dynamic-Island-Example.app */ = {isa = PBXFileReference; explicitFileType = wrapper.application; includeInIndex = 0; path = "Dynamic-Island-Example.app"; sourceTree = BUILT_PRODUCTS_DIR; };
		C042D2D728D715F200644A0D /* Dynamic_Island_ExampleApp.swift */ = {isa = PBXFileReference; lastKnownFileType = sourcecode.swift; path = Dynamic_Island_ExampleApp.swift; sourceTree = "<group>"; };
		C042D2D928D715F200644A0D /* ContentView.swift */ = {isa = PBXFileReference; lastKnownFileType = sourcecode.swift; path = ContentView.swift; sourceTree = "<group>"; };
		C042D2DB28D715F300644A0D /* Assets.xcassets */ = {isa = PBXFileReference; lastKnownFileType = folder.assetcatalog; path = Assets.xcassets; sourceTree = "<group>"; };
		C042D2DE28D715F300644A0D /* Preview Assets.xcassets */ = {isa = PBXFileReference; lastKnownFileType = folder.assetcatalog; path = "Preview Assets.xcassets"; sourceTree = "<group>"; };
		C042D2E928D7162E00644A0D /* DynamicIslandExampleWidgetExtension.appex */ = {isa = PBXFileReference; explicitFileType = "wrapper.app-extension"; includeInIndex = 0; path = DynamicIslandExampleWidgetExtension.appex; sourceTree = BUILT_PRODUCTS_DIR; };
		C042D2EB28D7162E00644A0D /* WidgetKit.framework */ = {isa = PBXFileReference; lastKnownFileType = wrapper.framework; name = WidgetKit.framework; path = System/Library/Frameworks/WidgetKit.framework; sourceTree = SDKROOT; };
		C042D2ED28D7162E00644A0D /* SwiftUI.framework */ = {isa = PBXFileReference; lastKnownFileType = wrapper.framework; name = SwiftUI.framework; path = System/Library/Frameworks/SwiftUI.framework; sourceTree = SDKROOT; };
		C042D2F028D7162E00644A0D /* DynamicIslandExampleWidget.swift */ = {isa = PBXFileReference; lastKnownFileType = sourcecode.swift; path = DynamicIslandExampleWidget.swift; sourceTree = "<group>"; };
		C042D2F228D7162E00644A0D /* DynamicIslandExampleWidget.intentdefinition */ = {isa = PBXFileReference; lastKnownFileType = file.intentdefinition; path = DynamicIslandExampleWidget.intentdefinition; sourceTree = "<group>"; };
		C042D2F328D7163000644A0D /* Assets.xcassets */ = {isa = PBXFileReference; lastKnownFileType = folder.assetcatalog; path = Assets.xcassets; sourceTree = "<group>"; };
		C042D2F528D7163000644A0D /* Info.plist */ = {isa = PBXFileReference; lastKnownFileType = text.plist.xml; path = Info.plist; sourceTree = "<group>"; };
/* End PBXFileReference section */

/* Begin PBXFrameworksBuildPhase section */
		C042D2D128D715F200644A0D /* Frameworks */ = {
			isa = PBXFrameworksBuildPhase;
			buildActionMask = 2147483647;
			files = (
			);
			runOnlyForDeploymentPostprocessing = 0;
		};
		C042D2E628D7162E00644A0D /* Frameworks */ = {
			isa = PBXFrameworksBuildPhase;
			buildActionMask = 2147483647;
			files = (
				C042D2EE28D7162E00644A0D /* SwiftUI.framework in Frameworks */,
				C042D2EC28D7162E00644A0D /* WidgetKit.framework in Frameworks */,
			);
			runOnlyForDeploymentPostprocessing = 0;
		};
/* End PBXFrameworksBuildPhase section */

/* Begin PBXGroup section */
		C042D2CB28D715F200644A0D = {
			isa = PBXGroup;
			children = (
				C042D2D628D715F200644A0D /* Dynamic-Island-Example */,
				C042D2EF28D7162E00644A0D /* DynamicIslandExampleWidget */,
				C042D2EA28D7162E00644A0D /* Frameworks */,
				C042D2D528D715F200644A0D /* Products */,
			);
			sourceTree = "<group>";
		};
		C042D2D528D715F200644A0D /* Products */ = {
			isa = PBXGroup;
			children = (
				C042D2D428D715F200644A0D /* Dynamic-Island-Example.app */,
				C042D2E928D7162E00644A0D /* DynamicIslandExampleWidgetExtension.appex */,
			);
			name = Products;
			sourceTree = "<group>";
		};
		C042D2D628D715F200644A0D /* Dynamic-Island-Example */ = {
			isa = PBXGroup;
			children = (
				C042D2D728D715F200644A0D /* Dynamic_Island_ExampleApp.swift */,
				C042D2D928D715F200644A0D /* ContentView.swift */,
				C042D2DB28D715F300644A0D /* Assets.xcassets */,
				C042D2DD28D715F300644A0D /* Preview Content */,
			);
			path = "Dynamic-Island-Example";
			sourceTree = "<group>";
		};
		C042D2DD28D715F300644A0D /* Preview Content */ = {
			isa = PBXGroup;
			children = (
				C042D2DE28D715F300644A0D /* Preview Assets.xcassets */,
			);
			path = "Preview Content";
			sourceTree = "<group>";
		};
		C042D2EA28D7162E00644A0D /* Frameworks */ = {
			isa = PBXGroup;
			children = (
				C042D2EB28D7162E00644A0D /* WidgetKit.framework */,
				C042D2ED28D7162E00644A0D /* SwiftUI.framework */,
			);
			name = Frameworks;
			sourceTree = "<group>";
		};
		C042D2EF28D7162E00644A0D /* DynamicIslandExampleWidget */ = {
			isa = PBXGroup;
			children = (
				C042D2F028D7162E00644A0D /* DynamicIslandExampleWidget.swift */,
				C042D2F228D7162E00644A0D /* DynamicIslandExampleWidget.intentdefinition */,
				C042D2F328D7163000644A0D /* Assets.xcassets */,
				C042D2F528D7163000644A0D /* Info.plist */,
			);
			path = DynamicIslandExampleWidget;
			sourceTree = "<group>";
		};
/* End PBXGroup section */

/* Begin PBXNativeTarget section */
		C042D2D328D715F200644A0D /* Dynamic-Island-Example */ = {
			isa = PBXNativeTarget;
			buildConfigurationList = C042D2E228D715F300644A0D /* Build configuration list for PBXNativeTarget "Dynamic-Island-Example" */;
			buildPhases = (
				C042D2D028D715F200644A0D /* Sources */,
				C042D2D128D715F200644A0D /* Frameworks */,
				C042D2D228D715F200644A0D /* Resources */,
				C042D2FE28D7163000644A0D /* Embed Foundation Extensions */,
			);
			buildRules = (
			);
			dependencies = (
				C042D2F928D7163000644A0D /* PBXTargetDependency */,
			);
			name = "Dynamic-Island-Example";
			productName = "Dynamic-Island-Example";
			productReference = C042D2D428D715F200644A0D /* Dynamic-Island-Example.app */;
			productType = "com.apple.product-type.application";
		};
		C042D2E828D7162E00644A0D /* DynamicIslandExampleWidgetExtension */ = {
			isa = PBXNativeTarget;
			buildConfigurationList = C042D2FB28D7163000644A0D /* Build configuration list for PBXNativeTarget "DynamicIslandExampleWidgetExtension" */;
			buildPhases = (
				C042D2E528D7162E00644A0D /* Sources */,
				C042D2E628D7162E00644A0D /* Frameworks */,
				C042D2E728D7162E00644A0D /* Resources */,
			);
			buildRules = (
			);
			dependencies = (
			);
			name = DynamicIslandExampleWidgetExtension;
			productName = DynamicIslandExampleWidgetExtension;
			productReference = C042D2E928D7162E00644A0D /* DynamicIslandExampleWidgetExtension.appex */;
			productType = "com.apple.product-type.app-extension";
		};
/* End PBXNativeTarget section */

/* Begin PBXProject section */
		C042D2CC28D715F200644A0D /* Project object */ = {
			isa = PBXProject;
			attributes = {
				BuildIndependentTargetsInParallel = 1;
				LastSwiftUpdateCheck = 1410;
				LastUpgradeCheck = 1410;
				TargetAttributes = {
					C042D2D328D715F200644A0D = {
						CreatedOnToolsVersion = 14.1;
					};
					C042D2E828D7162E00644A0D = {
						CreatedOnToolsVersion = 14.1;
					};
				};
			};
			buildConfigurationList = C042D2CF28D715F200644A0D /* Build configuration list for PBXProject "Dynamic-Island-Example" */;
			compatibilityVersion = "Xcode 14.0";
			developmentRegion = en;
			hasScannedForEncodings = 0;
			knownRegions = (
				en,
				Base,
			);
			mainGroup = C042D2CB28D715F200644A0D;
			productRefGroup = C042D2D528D715F200644A0D /* Products */;
			projectDirPath = "";
			projectRoot = "";
			targets = (
				C042D2D328D715F200644A0D /* Dynamic-Island-Example */,
				C042D2E828D7162E00644A0D /* DynamicIslandExampleWidgetExtension */,
			);
		};
/* End PBXProject section */

/* Begin PBXResourcesBuildPhase section */
		C042D2D228D715F200644A0D /* Resources */ = {
			isa = PBXResourcesBuildPhase;
			buildActionMask = 2147483647;
			files = (
				C042D2DF28D715F300644A0D /* Preview Assets.xcassets in Resources */,
				C042D2DC28D715F300644A0D /* Assets.xcassets in Resources */,
			);
			runOnlyForDeploymentPostprocessing = 0;
		};
		C042D2E728D7162E00644A0D /* Resources */ = {
			isa = PBXResourcesBuildPhase;
			buildActionMask = 2147483647;
			files = (
				C042D2F428D7163000644A0D /* Assets.xcassets in Resources */,
			);
			runOnlyForDeploymentPostprocessing = 0;
		};
/* End PBXResourcesBuildPhase section */

/* Begin PBXSourcesBuildPhase section */
		C042D2D028D715F200644A0D /* Sources */ = {
			isa = PBXSourcesBuildPhase;
			buildActionMask = 2147483647;
			files = (
				C042D2DA28D715F200644A0D /* ContentView.swift in Sources */,
				C042D2F728D7163000644A0D /* DynamicIslandExampleWidget.intentdefinition in Sources */,
				C042D2D828D715F200644A0D /* Dynamic_Island_ExampleApp.swift in Sources */,
			);
			runOnlyForDeploymentPostprocessing = 0;
		};
		C042D2E528D7162E00644A0D /* Sources */ = {
			isa = PBXSourcesBuildPhase;
			buildActionMask = 2147483647;
			files = (
				C042D2F628D7163000644A0D /* DynamicIslandExampleWidget.intentdefinition in Sources */,
				C042D2F128D7162E00644A0D /* DynamicIslandExampleWidget.swift in Sources */,
			);
			runOnlyForDeploymentPostprocessing = 0;
		};
/* End PBXSourcesBuildPhase section */

/* Begin PBXTargetDependency section */
		C042D2F928D7163000644A0D /* PBXTargetDependency */ = {
			isa = PBXTargetDependency;
			target = C042D2E828D7162E00644A0D /* DynamicIslandExampleWidgetExtension */;
			targetProxy = C042D2F828D7163000644A0D /* PBXContainerItemProxy */;
		};
/* End PBXTargetDependency section */

/* Begin XCBuildConfiguration section */
		C042D2E028D715F300644A0D /* Debug */ = {
			isa = XCBuildConfiguration;
			buildSettings = {
				ALWAYS_SEARCH_USER_PATHS = NO;
				CLANG_ANALYZER_NONNULL = YES;
				CLANG_ANALYZER_NUMBER_OBJECT_CONVERSION = YES_AGGRESSIVE;
				CLANG_CXX_LANGUAGE_STANDARD = "gnu++20";
				CLANG_ENABLE_MODULES = YES;
				CLANG_ENABLE_OBJC_ARC = YES;
				CLANG_ENABLE_OBJC_WEAK = YES;
				CLANG_WARN_BLOCK_CAPTURE_AUTORELEASING = YES;
				CLANG_WARN_BOOL_CONVERSION = YES;
				CLANG_WARN_COMMA = YES;
				CLANG_WARN_CONSTANT_CONVERSION = YES;
				CLANG_WARN_DEPRECATED_OBJC_IMPLEMENTATIONS = YES;
				CLANG_WARN_DIRECT_OBJC_ISA_USAGE = YES_ERROR;
				CLANG_WARN_DOCUMENTATION_COMMENTS = YES;
				CLANG_WARN_EMPTY_BODY = YES;
				CLANG_WARN_ENUM_CONVERSION = YES;
				CLANG_WARN_INFINITE_RECURSION = YES;
				CLANG_WARN_INT_CONVERSION = YES;
				CLANG_WARN_NON_LITERAL_NULL_CONVERSION = YES;
				CLANG_WARN_OBJC_IMPLICIT_RETAIN_SELF = YES;
				CLANG_WARN_OBJC_LITERAL_CONVERSION = YES;
				CLANG_WARN_OBJC_ROOT_CLASS = YES_ERROR;
				CLANG_WARN_QUOTED_INCLUDE_IN_FRAMEWORK_HEADER = YES;
				CLANG_WARN_RANGE_LOOP_ANALYSIS = YES;
				CLANG_WARN_STRICT_PROTOTYPES = YES;
				CLANG_WARN_SUSPICIOUS_MOVE = YES;
				CLANG_WARN_UNGUARDED_AVAILABILITY = YES_AGGRESSIVE;
				CLANG_WARN_UNREACHABLE_CODE = YES;
				CLANG_WARN__DUPLICATE_METHOD_MATCH = YES;
				COPY_PHASE_STRIP = NO;
				DEBUG_INFORMATION_FORMAT = dwarf;
				ENABLE_STRICT_OBJC_MSGSEND = YES;
				ENABLE_TESTABILITY = YES;
				GCC_C_LANGUAGE_STANDARD = gnu11;
				GCC_DYNAMIC_NO_PIC = NO;
				GCC_NO_COMMON_BLOCKS = YES;
				GCC_OPTIMIZATION_LEVEL = 0;
				GCC_PREPROCESSOR_DEFINITIONS = (
					"DEBUG=1",
					"$(inherited)",
				);
				GCC_WARN_64_TO_32_BIT_CONVERSION = YES;
				GCC_WARN_ABOUT_RETURN_TYPE = YES_ERROR;
				GCC_WARN_UNDECLARED_SELECTOR = YES;
				GCC_WARN_UNINITIALIZED_AUTOS = YES_AGGRESSIVE;
				GCC_WARN_UNUSED_FUNCTION = YES;
				GCC_WARN_UNUSED_VARIABLE = YES;
				IPHONEOS_DEPLOYMENT_TARGET = 16.1;
				MTL_ENABLE_DEBUG_INFO = INCLUDE_SOURCE;
				MTL_FAST_MATH = YES;
				ONLY_ACTIVE_ARCH = YES;
				SDKROOT = iphoneos;
				SWIFT_ACTIVE_COMPILATION_CONDITIONS = DEBUG;
				SWIFT_OPTIMIZATION_LEVEL = "-Onone";
			};
			name = Debug;
		};
		C042D2E128D715F300644A0D /* Release */ = {
			isa = XCBuildConfiguration;
			buildSettings = {
				ALWAYS_SEARCH_USER_PATHS = NO;
				CLANG_ANALYZER_NONNULL = YES;
				CLANG_ANALYZER_NUMBER_OBJECT_CONVERSION = YES_AGGRESSIVE;
				CLANG_CXX_LANGUAGE_STANDARD = "gnu++20";
				CLANG_ENABLE_MODULES = YES;
				CLANG_ENABLE_OBJC_ARC = YES;
				CLANG_ENABLE_OBJC_WEAK = YES;
				CLANG_WARN_BLOCK_CAPTURE_AUTORELEASING = YES;
				CLANG_WARN_BOOL_CONVERSION = YES;
				CLANG_WARN_COMMA = YES;
				CLANG_WARN_CONSTANT_CONVERSION = YES;
				CLANG_WARN_DEPRECATED_OBJC_IMPLEMENTATIONS = YES;
				CLANG_WARN_DIRECT_OBJC_ISA_USAGE = YES_ERROR;
				CLANG_WARN_DOCUMENTATION_COMMENTS = YES;
				CLANG_WARN_EMPTY_BODY = YES;
				CLANG_WARN_ENUM_CONVERSION = YES;
				CLANG_WARN_INFINITE_RECURSION = YES;
				CLANG_WARN_INT_CONVERSION = YES;
				CLANG_WARN_NON_LITERAL_NULL_CONVERSION = YES;
				CLANG_WARN_OBJC_IMPLICIT_RETAIN_SELF = YES;
				CLANG_WARN_OBJC_LITERAL_CONVERSION = YES;
				CLANG_WARN_OBJC_ROOT_CLASS = YES_ERROR;
				CLANG_WARN_QUOTED_INCLUDE_IN_FRAMEWORK_HEADER = YES;
				CLANG_WARN_RANGE_LOOP_ANALYSIS = YES;
				CLANG_WARN_STRICT_PROTOTYPES = YES;
				CLANG_WARN_SUSPICIOUS_MOVE = YES;
				CLANG_WARN_UNGUARDED_AVAILABILITY = YES_AGGRESSIVE;
				CLANG_WARN_UNREACHABLE_CODE = YES;
				CLANG_WARN__DUPLICATE_METHOD_MATCH = YES;
				COPY_PHASE_STRIP = NO;
				DEBUG_INFORMATION_FORMAT = "dwarf-with-dsym";
				ENABLE_NS_ASSERTIONS = NO;
				ENABLE_STRICT_OBJC_MSGSEND = YES;
				GCC_C_LANGUAGE_STANDARD = gnu11;
				GCC_NO_COMMON_BLOCKS = YES;
				GCC_WARN_64_TO_32_BIT_CONVERSION = YES;
				GCC_WARN_ABOUT_RETURN_TYPE = YES_ERROR;
				GCC_WARN_UNDECLARED_SELECTOR = YES;
				GCC_WARN_UNINITIALIZED_AUTOS = YES_AGGRESSIVE;
				GCC_WARN_UNUSED_FUNCTION = YES;
				GCC_WARN_UNUSED_VARIABLE = YES;
				IPHONEOS_DEPLOYMENT_TARGET = 16.1;
				MTL_ENABLE_DEBUG_INFO = NO;
				MTL_FAST_MATH = YES;
				SDKROOT = iphoneos;
				SWIFT_COMPILATION_MODE = wholemodule;
				SWIFT_OPTIMIZATION_LEVEL = "-O";
				VALIDATE_PRODUCT = YES;
			};
			name = Release;
		};
		C042D2E328D715F300644A0D /* Debug */ = {
			isa = XCBuildConfiguration;
			buildSettings = {
				ALWAYS_EMBED_SWIFT_STANDARD_LIBRARIES = YES;
				ASSETCATALOG_COMPILER_APPICON_NAME = AppIcon;
				ASSETCATALOG_COMPILER_GLOBAL_ACCENT_COLOR_NAME = AccentColor;
				CODE_SIGN_STYLE = Automatic;
				CURRENT_PROJECT_VERSION = 1;
				DEVELOPMENT_ASSET_PATHS = "\"Dynamic-Island-Example/Preview Content\"";
				DEVELOPMENT_TEAM = 6PALB6K8YY;
				ENABLE_PREVIEWS = YES;
				GENERATE_INFOPLIST_FILE = YES;
				INFOPLIST_KEY_UIApplicationSceneManifest_Generation = YES;
				INFOPLIST_KEY_UIApplicationSupportsIndirectInputEvents = YES;
				INFOPLIST_KEY_UILaunchScreen_Generation = YES;
				INFOPLIST_KEY_UISupportedInterfaceOrientations_iPad = "UIInterfaceOrientationPortrait UIInterfaceOrientationPortraitUpsideDown UIInterfaceOrientationLandscapeLeft UIInterfaceOrientationLandscapeRight";
				INFOPLIST_KEY_UISupportedInterfaceOrientations_iPhone = "UIInterfaceOrientationPortrait UIInterfaceOrientationLandscapeLeft UIInterfaceOrientationLandscapeRight";
				LD_RUNPATH_SEARCH_PATHS = (
					"$(inherited)",
					"@executable_path/Frameworks",
				);
				MARKETING_VERSION = 1.0;
				PRODUCT_BUNDLE_IDENTIFIER = "com.devmehmetates.Dynamic-Island-Example";
				PRODUCT_NAME = "$(TARGET_NAME)";
				SWIFT_EMIT_LOC_STRINGS = YES;
				SWIFT_VERSION = 5.0;
				TARGETED_DEVICE_FAMILY = "1,2";
			};
			name = Debug;
		};
		C042D2E428D715F300644A0D /* Release */ = {
			isa = XCBuildConfiguration;
			buildSettings = {
				ALWAYS_EMBED_SWIFT_STANDARD_LIBRARIES = YES;
				ASSETCATALOG_COMPILER_APPICON_NAME = AppIcon;
				ASSETCATALOG_COMPILER_GLOBAL_ACCENT_COLOR_NAME = AccentColor;
				CODE_SIGN_STYLE = Automatic;
				CURRENT_PROJECT_VERSION = 1;
				DEVELOPMENT_ASSET_PATHS = "\"Dynamic-Island-Example/Preview Content\"";
				DEVELOPMENT_TEAM = 6PALB6K8YY;
				ENABLE_PREVIEWS = YES;
				GENERATE_INFOPLIST_FILE = YES;
				INFOPLIST_KEY_UIApplicationSceneManifest_Generation = YES;
				INFOPLIST_KEY_UIApplicationSupportsIndirectInputEvents = YES;
				INFOPLIST_KEY_UILaunchScreen_Generation = YES;
				INFOPLIST_KEY_UISupportedInterfaceOrientations_iPad = "UIInterfaceOrientationPortrait UIInterfaceOrientationPortraitUpsideDown UIInterfaceOrientationLandscapeLeft UIInterfaceOrientationLandscapeRight";
				INFOPLIST_KEY_UISupportedInterfaceOrientations_iPhone = "UIInterfaceOrientationPortrait UIInterfaceOrientationLandscapeLeft UIInterfaceOrientationLandscapeRight";
				LD_RUNPATH_SEARCH_PATHS = (
					"$(inherited)",
					"@executable_path/Frameworks",
				);
				MARKETING_VERSION = 1.0;
				PRODUCT_BUNDLE_IDENTIFIER = "com.devmehmetates.Dynamic-Island-Example";
				PRODUCT_NAME = "$(TARGET_NAME)";
				SWIFT_EMIT_LOC_STRINGS = YES;
				SWIFT_VERSION = 5.0;
				TARGETED_DEVICE_FAMILY = "1,2";
			};
			name = Release;
		};
		C042D2FC28D7163000644A0D /* Debug */ = {
			isa = XCBuildConfiguration;
			buildSettings = {
				ASSETCATALOG_COMPILER_GLOBAL_ACCENT_COLOR_NAME = AccentColor;
				ASSETCATALOG_COMPILER_WIDGET_BACKGROUND_COLOR_NAME = WidgetBackground;
				CODE_SIGN_STYLE = Automatic;
				CURRENT_PROJECT_VERSION = 1;
				DEVELOPMENT_TEAM = 6PALB6K8YY;
				GENERATE_INFOPLIST_FILE = YES;
				INFOPLIST_FILE = DynamicIslandExampleWidget/Info.plist;
				INFOPLIST_KEY_CFBundleDisplayName = DynamicIslandExampleWidget;
				INFOPLIST_KEY_NSHumanReadableCopyright = "";
				LD_RUNPATH_SEARCH_PATHS = (
					"$(inherited)",
					"@executable_path/Frameworks",
					"@executable_path/../../Frameworks",
				);
				MARKETING_VERSION = 1.0;
				PRODUCT_BUNDLE_IDENTIFIER = "com.devmehmetates.Dynamic-Island-Example.DynamicIslandExampleWidget";
				PRODUCT_NAME = "$(TARGET_NAME)";
				SKIP_INSTALL = YES;
				SWIFT_EMIT_LOC_STRINGS = YES;
				SWIFT_VERSION = 5.0;
				TARGETED_DEVICE_FAMILY = "1,2";
			};
			name = Debug;
		};
		C042D2FD28D7163000644A0D /* Release */ = {
			isa = XCBuildConfiguration;
			buildSettings = {
				ASSETCATALOG_COMPILER_GLOBAL_ACCENT_COLOR_NAME = AccentColor;
				ASSETCATALOG_COMPILER_WIDGET_BACKGROUND_COLOR_NAME = WidgetBackground;
				CODE_SIGN_STYLE = Automatic;
				CURRENT_PROJECT_VERSION = 1;
				DEVELOPMENT_TEAM = 6PALB6K8YY;
				GENERATE_INFOPLIST_FILE = YES;
				INFOPLIST_FILE = DynamicIslandExampleWidget/Info.plist;
				INFOPLIST_KEY_CFBundleDisplayName = DynamicIslandExampleWidget;
				INFOPLIST_KEY_NSHumanReadableCopyright = "";
				LD_RUNPATH_SEARCH_PATHS = (
					"$(inherited)",
					"@executable_path/Frameworks",
					"@executable_path/../../Frameworks",
				);
				MARKETING_VERSION = 1.0;
				PRODUCT_BUNDLE_IDENTIFIER = "com.devmehmetates.Dynamic-Island-Example.DynamicIslandExampleWidget";
				PRODUCT_NAME = "$(TARGET_NAME)";
				SKIP_INSTALL = YES;
				SWIFT_EMIT_LOC_STRINGS = YES;
				SWIFT_VERSION = 5.0;
				TARGETED_DEVICE_FAMILY = "1,2";
			};
			name = Release;
		};
/* End XCBuildConfiguration section */

/* Begin XCConfigurationList section */
		C042D2CF28D715F200644A0D /* Build configuration list for PBXProject "Dynamic-Island-Example" */ = {
			isa = XCConfigurationList;
			buildConfigurations = (
				C042D2E028D715F300644A0D /* Debug */,
				C042D2E128D715F300644A0D /* Release */,
			);
			defaultConfigurationIsVisible = 0;
			defaultConfigurationName = Release;
		};
		C042D2E228D715F300644A0D /* Build configuration list for PBXNativeTarget "Dynamic-Island-Example" */ = {
			isa = XCConfigurationList;
			buildConfigurations = (
				C042D2E328D715F300644A0D /* Debug */,
				C042D2E428D715F300644A0D /* Release */,
			);
			defaultConfigurationIsVisible = 0;
			defaultConfigurationName = Release;
		};
		C042D2FB28D7163000644A0D /* Build configuration list for PBXNativeTarget "DynamicIslandExampleWidgetExtension" */ = {
			isa = XCConfigurationList;
			buildConfigurations = (
				C042D2FC28D7163000644A0D /* Debug */,
				C042D2FD28D7163000644A0D /* Release */,
			);
			defaultConfigurationIsVisible = 0;
			defaultConfigurationName = Release;
		};
/* End XCConfigurationList section */
	};
	rootObject = C042D2CC28D715F200644A0D /* Project object */;
}
